
Microsoft Visual Studio Solution File, Format Version 12.00
# Visual Studio Version 16
VisualStudioVersion = 16.0.30330.147
MinimumVisualStudioVersion = 10.0.40219.1
Project("{FAE04EC0-301F-11D3-BF4B-00C04F79EFBC}") = "Excercise1", "Excercise1\Excercise1.csproj", "{3C83EE26-DF93-4843-99E3-3F1976200BE4}"
EndProject
Global
	GlobalSection(SolutionConfigurationPlatforms) = preSolution
		Debug|Any CPU = Debug|Any CPU
		Release|Any CPU = Release|Any CPU
	EndGlobalSection
	GlobalSection(ProjectConfigurationPlatforms) = postSolution
		{3C83EE26-DF93-4843-99E3-3F1976200BE4}.Debug|Any CPU.ActiveCfg = Debug|Any CPU
		{3C83EE26-DF93-4843-99E3-3F1976200BE4}.Debug|Any CPU.Build.0 = Debug|Any CPU
		{3C83EE26-DF93-4843-99E3-3F1976200BE4}.Release|Any CPU.ActiveCfg = Release|Any CPU
		{3C83EE26-DF93-4843-99E3-3F1976200BE4}.Release|Any CPU.Build.0 = Release|Any CPU
	EndGlobalSection
	GlobalSection(SolutionProperties) = preSolution
		HideSolutionNode = FALSE
	EndGlobalSection
	GlobalSection(ExtensibilityGlobals) = postSolution
		SolutionGuid = {01DECA04-4CFB-45AD-A9E7-47E599693341}
	EndGlobalSection
EndGlobal
